<?xml version="1.0" encoding="utf-8"?>
<Project ToolsVersion="4.0" xmlns="http://schemas.microsoft.com/developer/msbuild/2003">
  <ItemGroup>
    <Filter Include="Source Files">
      <UniqueIdentifier>{4FC737F1-C7A5-4376-A066-2A32D752A2FF}</UniqueIdentifier>
      <Extensions>cpp;c;cc;cxx;c++;cppm;ixx;def;odl;idl;hpj;bat;asm;asmx</Extensions>
    </Filter>
    <Filter Include="Header Files">
      <UniqueIdentifier>{93995380-89BD-4b04-88EB-625FBE52EBFB}</UniqueIdentifier>
      <Extensions>h;hh;hpp;hxx;h++;hm;inl;inc;ipp;xsd</Extensions>
    </Filter>
    <Filter Include="Resource Files">
      <UniqueIdentifier>{67DA6AB6-F800-4c08-8B7A-83BB121AAD01}</UniqueIdentifier>
      <Extensions>rc;ico;cur;bmp;dlg;rc2;rct;bin;rgs;gif;jpg;jpeg;jpe;resx;tiff;tif;png;wav;mfcribbon-ms</Extensions>
    </Filter>
    <Filter Include="Resource Files\Fonts">
      <UniqueIdentifier>{e32d38ed-5c6e-40ab-84cb-ac0ada0ec330}</UniqueIdentifier>
    </Filter>
    <Filter Include="Header Files\Code">
      <UniqueIdentifier>{39cf1d37-f4aa-4abb-9719-2b3d96b80c8e}</UniqueIdentifier>
    </Filter>
    <Filter Include="Header Files\Code\Utilities">
      <UniqueIdentifier>{c4b6a071-4ad0-4525-8ba4-a595328e2a62}</UniqueIdentifier>
    </Filter>
    <Filter Include="Source Files\Code">
      <UniqueIdentifier>{0a6e994b-d4c5-486e-b300-f750d55c8f4f}</UniqueIdentifier>
    </Filter>
    <Filter Include="Source Files\Code\Utilities">
      <UniqueIdentifier>{470d85ac-c526-4a7d-afea-4c8567264a4c}</UniqueIdentifier>
    </Filter>
    <Filter Include="Resource Files\Shaders">
      <UniqueIdentifier>{e67edff7-99ac-41ea-8886-20c6cf0d297e}</UniqueIdentifier>
    </Filter>
    <Filter Include="Resource Files\bin">
      <UniqueIdentifier>{23b5df96-f61c-4e11-8481-f8263f082999}</UniqueIdentifier>
    </Filter>
    <Filter Include="Resource Files\bin\Debug">
      <UniqueIdentifier>{81d2eea9-6246-4abd-809c-ed6bf92698ea}</UniqueIdentifier>
    </Filter>
    <Filter Include="Resource Files\bin\Release">
      <UniqueIdentifier>{021bd193-81f7-4f72-a0d8-dbccced0d521}</UniqueIdentifier>
    </Filter>
    <Filter Include="Header Files\Code\Engine">
      <UniqueIdentifier>{19cedda9-d046-4374-8cd6-23a7db62f32c}</UniqueIdentifier>
    </Filter>
    <Filter Include="Header Files\Code\Engine\Core">
      <UniqueIdentifier>{67fca27e-0230-411c-a861-a20551b84d4e}</UniqueIdentifier>
    </Filter>
    <Filter Include="Header Files\Code\Engine\Interfaces">
      <UniqueIdentifier>{18d0aa5c-37d6-48d3-b318-983a9169dc2b}</UniqueIdentifier>
    </Filter>
    <Filter Include="Header Files\Code\Platform">
      <UniqueIdentifier>{b2c0d3d3-e021-4a53-a92a-1889c2715503}</UniqueIdentifier>
    </Filter>
    <Filter Include="Header Files\Code\Platform\SFML">
      <UniqueIdentifier>{705dacf9-5ddc-4d00-8a8f-db48b044b1e1}</UniqueIdentifier>
    </Filter>
    <Filter Include="Header Files\Code\Platform\SFML\Drawables">
      <UniqueIdentifier>{8a7771bc-4645-40f9-bf4f-75012b7bebeb}</UniqueIdentifier>
    </Filter>
    <Filter Include="Header Files\Code\Platform\SFML\Renderer">
      <UniqueIdentifier>{3d5f2345-ff47-4f1a-845c-a1158e4cf872}</UniqueIdentifier>
    </Filter>
    <Filter Include="Header Files\Code\Game">
      <UniqueIdentifier>{37e36a15-64ef-463b-b097-daaa73768b6e}</UniqueIdentifier>
    </Filter>
    <Filter Include="Header Files\Code\Game\Objects">
      <UniqueIdentifier>{5192685e-36e1-4480-90fb-224e7a9006d4}</UniqueIdentifier>
    </Filter>
    <Filter Include="Source Files\Code\Engine">
      <UniqueIdentifier>{4c80154f-edc2-405f-a97c-34148dcb035b}</UniqueIdentifier>
    </Filter>
    <Filter Include="Source Files\Code\Engine\Core">
      <UniqueIdentifier>{7c9b307d-efc9-4756-9895-b28ba4c7b27b}</UniqueIdentifier>
    </Filter>
    <Filter Include="Source Files\Code\Platforms">
      <UniqueIdentifier>{e94c2521-1d6d-4cdf-a29f-6d4f4784436b}</UniqueIdentifier>
    </Filter>
    <Filter Include="Source Files\Code\Platforms\SFML">
      <UniqueIdentifier>{bd626d46-2568-44a2-8cf4-50450826a952}</UniqueIdentifier>
    </Filter>
    <Filter Include="Source Files\Code\Platforms\SFML\Drawables">
      <UniqueIdentifier>{bc76a6e8-cd3b-4a2f-b37d-2a88a8b4ae29}</UniqueIdentifier>
    </Filter>
    <Filter Include="Source Files\Code\Platforms\SFML\Renderer">
      <UniqueIdentifier>{c9b60e51-076b-4617-bf5d-1fb0390d791b}</UniqueIdentifier>
    </Filter>
    <Filter Include="Source Files\Code\Engine\Collisions">
      <UniqueIdentifier>{8a069f78-6eb3-4a34-a825-1d9445303bfb}</UniqueIdentifier>
    </Filter>
    <Filter Include="Header Files\Code\Engine\Collisions">
      <UniqueIdentifier>{46227079-e18f-42c8-8c2d-e538aad97fcb}</UniqueIdentifier>
    </Filter>
    <Filter Include="Header Files\Code\Engine\Input">
      <UniqueIdentifier>{35f29a1d-a29d-494b-9810-e19277b71de7}</UniqueIdentifier>
    </Filter>
    <Filter Include="Header Files\Code\Engine\States">
      <UniqueIdentifier>{46937f6a-6606-4f3d-bc7b-4557fad4c5cc}</UniqueIdentifier>
    </Filter>
    <Filter Include="Header Files\Code\Engine\Resources">
      <UniqueIdentifier>{c916c8c5-2627-4025-a627-9b4a7598e3f0}</UniqueIdentifier>
    </Filter>
    <Filter Include="Source Files\Code\Engine\Resources">
      <UniqueIdentifier>{896a991f-1432-4588-876a-72f21d75e379}</UniqueIdentifier>
    </Filter>
    <Filter Include="Source Files\Code\Engine\States">
      <UniqueIdentifier>{7a11cb52-1b5f-49a2-8655-c95dc5ed576b}</UniqueIdentifier>
    </Filter>
    <Filter Include="Source Files\Code\Engine\Input">
      <UniqueIdentifier>{7f0385a3-25cc-4f0c-adae-6d189bde76d0}</UniqueIdentifier>
    </Filter>
    <Filter Include="Source Files\Code\Engine\Interfaces">
      <UniqueIdentifier>{0bdd0aeb-fa94-4869-b109-b7ba2f4ae528}</UniqueIdentifier>
    </Filter>
    <Filter Include="Source Files\Code\Game">
      <UniqueIdentifier>{b9d66b93-531a-417a-a1d6-9bc437bdca1e}</UniqueIdentifier>
    </Filter>
    <Filter Include="Source Files\Code\Game\Objects">
      <UniqueIdentifier>{7999abac-4dc8-4f81-8fab-b7560372781b}</UniqueIdentifier>
    </Filter>
    <Filter Include="Header Files\Code\Platform\SFML\Engine">
      <UniqueIdentifier>{bff14472-eb12-43b2-b0a8-1d7ca7c553f3}</UniqueIdentifier>
    </Filter>
    <Filter Include="Header Files\Code\Platform\SFML\Engine\Core">
      <UniqueIdentifier>{8330511c-f916-4705-a044-c04be32a7c03}</UniqueIdentifier>
    </Filter>
    <Filter Include="Source Files\Code\Platforms\SFML\Engine">
      <UniqueIdentifier>{29b34759-ad05-4084-81f8-c46cde78fe27}</UniqueIdentifier>
    </Filter>
    <Filter Include="Source Files\Code\Platforms\SFML\Engine\Core">
      <UniqueIdentifier>{f9cdb72c-0858-4a09-99f8-9ecc3011015c}</UniqueIdentifier>
    </Filter>
    <Filter Include="Header Files\Code\Platform\SFML\Engine\Input">
      <UniqueIdentifier>{e83cd684-923d-45f0-9ead-288780aa22e4}</UniqueIdentifier>
    </Filter>
    <Filter Include="Header Files\Code\Platform\SFML\Collisions">
      <UniqueIdentifier>{f22c879c-a919-4a2c-9a9b-b7d9893f2f42}</UniqueIdentifier>
    </Filter>
    <Filter Include="Source Files\Code\Platforms\SFML\Collisions">
      <UniqueIdentifier>{a729d8b8-a487-4d43-addb-b631f988bc5e}</UniqueIdentifier>
    </Filter>
    <Filter Include="Header Files\Code\Platform\SFML\Resource">
      <UniqueIdentifier>{baac3b46-b344-4a79-86c5-c64422b4db16}</UniqueIdentifier>
    </Filter>
    <Filter Include="Header Files\Code\Platform\SFML\UI">
      <UniqueIdentifier>{7cbacfea-9ac4-43c5-80a4-eccac5b9eeb3}</UniqueIdentifier>
    </Filter>
    <Filter Include="Source Files\Code\Platforms\SFML\UI">
      <UniqueIdentifier>{f99ef3ec-bc64-4d33-8b46-73db098dcf74}</UniqueIdentifier>
    </Filter>
    <Filter Include="Source Files\Code\Engine\UI">
      <UniqueIdentifier>{6b0547bb-df32-4cd9-8d69-bc752984199a}</UniqueIdentifier>
    </Filter>
    <Filter Include="Header Files\Code\Engine\UI">
      <UniqueIdentifier>{771acd44-fefe-4b27-9c38-148bcf0e48cf}</UniqueIdentifier>
    </Filter>
  </ItemGroup>
  <ItemGroup>
    <ClCompile Include="Code\Utilities\Point.cpp">
      <Filter>Source Files\Code\Utilities</Filter>
    </ClCompile>
    <ClCompile Include="Code\Utilities\Utilities.cpp">
      <Filter>Source Files\Code\Utilities</Filter>
    </ClCompile>
    <ClCompile Include="Code\Engine\Core\Constants.cpp">
      <Filter>Source Files\Code\Engine\Core</Filter>
    </ClCompile>
    <ClCompile Include="Code\Engine\Core\GameManager.cpp">
      <Filter>Source Files\Code\Engine\Core</Filter>
    </ClCompile>
    <ClCompile Include="Code\Engine\Core\Timer.cpp">
      <Filter>Source Files\Code\Engine\Core</Filter>
    </ClCompile>
    <ClCompile Include="Code\Engine\Interfaces\IFramework.cpp">
      <Filter>Source Files\Code\Engine\Interfaces</Filter>
    </ClCompile>
    <ClCompile Include="Code\Engine\Input\InputManager.cpp">
      <Filter>Source Files\Code\Engine\Input</Filter>
    </ClCompile>
    <ClCompile Include="Code\Engine\Resources\FontManager.cpp">
      <Filter>Source Files\Code\Engine\Resources</Filter>
    </ClCompile>
    <ClCompile Include="Code\Engine\Resources\ShaderManager.cpp">
      <Filter>Source Files\Code\Engine\Resources</Filter>
    </ClCompile>
    <ClCompile Include="Code\Engine\Resources\SoundManager.cpp">
      <Filter>Source Files\Code\Engine\Resources</Filter>
    </ClCompile>
    <ClCompile Include="Code\Engine\Resources\TextureManager.cpp">
      <Filter>Source Files\Code\Engine\Resources</Filter>
    </ClCompile>
    <ClCompile Include="Code\Game\Objects\Box.cpp">
      <Filter>Source Files\Code\Game\Objects</Filter>
    </ClCompile>
    <ClCompile Include="Code\Game\Objects\Collectables.cpp">
      <Filter>Source Files\Code\Game\Objects</Filter>
    </ClCompile>
    <ClCompile Include="Code\Game\Objects\Enemy.cpp">
      <Filter>Source Files\Code\Game\Objects</Filter>
    </ClCompile>
    <ClCompile Include="Code\Platform\SFML\Drawables\SFShape.cpp">
      <Filter>Source Files\Code\Platforms\SFML\Drawables</Filter>
    </ClCompile>
    <ClCompile Include="Code\Platform\SFML\Drawables\SFSprite.cpp">
      <Filter>Source Files\Code\Platforms\SFML\Drawables</Filter>
    </ClCompile>
    <ClCompile Include="Code\Platform\SFML\Drawables\SFText.cpp">
      <Filter>Source Files\Code\Platforms\SFML\Drawables</Filter>
    </ClCompile>
    <ClCompile Include="Code\Platform\SFML\Renderer\SFCamera.cpp">
      <Filter>Source Files\Code\Platforms\SFML\Renderer</Filter>
    </ClCompile>
    <ClCompile Include="Code\Platform\SFML\Renderer\SFRenderer.cpp">
      <Filter>Source Files\Code\Platforms\SFML\Renderer</Filter>
    </ClCompile>
    <ClCompile Include="Code\Platform\SFML\Renderer\SFWindow.cpp">
      <Filter>Source Files\Code\Platforms\SFML\Renderer</Filter>
    </ClCompile>
    <ClCompile Include="Code\Platform\SFML\Engine\Core\SFFramework.cpp">
      <Filter>Source Files\Code\Platforms\SFML\Engine\Core</Filter>
    </ClCompile>
    <ClCompile Include="Code\Engine\States\GameStateMgr.cpp">
      <Filter>Source Files\Code\Engine\States</Filter>
    </ClCompile>
    <ClCompile Include="Code\Utilities\Colour.cpp">
      <Filter>Source Files\Code\Utilities</Filter>
    </ClCompile>
    <ClCompile Include="Code\Engine\Interfaces\IText.cpp">
      <Filter>Source Files\Code\Engine\Interfaces</Filter>
    </ClCompile>
    <ClCompile Include="Code\Game\Objects\GameObject.cpp">
      <Filter>Source Files\Code\Game\Objects</Filter>
    </ClCompile>
    <ClCompile Include="Code\Engine\Collisions\CollisionManager.cpp">
      <Filter>Source Files\Code\Engine\Collisions</Filter>
    </ClCompile>
    <ClCompile Include="Code\Engine\Interfaces\IGameObject.cpp">
      <Filter>Source Files\Code\Engine\Interfaces</Filter>
    </ClCompile>
    <ClCompile Include="Code\Platform\SFML\Collisions\SFTile.cpp">
      <Filter>Source Files\Code\Platforms\SFML\Collisions</Filter>
    </ClCompile>
    <ClCompile Include="Code\Platform\SFML\Collisions\SFGrid.cpp">
      <Filter>Source Files\Code\Platforms\SFML\Collisions</Filter>
    </ClCompile>
    <ClCompile Include="Code\Engine\Interfaces\IMenu.cpp">
      <Filter>Source Files\Code\Engine\Interfaces</Filter>
    </ClCompile>
    <ClCompile Include="Code\Platform\SFML\UI\SFMenu.cpp">
      <Filter>Source Files\Code\Platforms\SFML\UI</Filter>
    </ClCompile>
    <ClCompile Include="Code\Platform\SFML\UI\SFMenuCursor.cpp">
      <Filter>Source Files\Code\Platforms\SFML\UI</Filter>
    </ClCompile>
    <ClCompile Include="Code\Platform\SFML\UI\SFMenuItem.cpp">
      <Filter>Source Files\Code\Platforms\SFML\UI</Filter>
    </ClCompile>
    <ClCompile Include="Code\Platform\SFML\UI\SFPaginatedMenu.cpp">
      <Filter>Source Files\Code\Platforms\SFML\UI</Filter>
    </ClCompile>
    <ClCompile Include="Code\Engine\Interfaces\IScene.cpp">
      <Filter>Source Files\Code\Engine\Interfaces</Filter>
    </ClCompile>
    <ClCompile Include="Code\Engine\UI\MenuNavigation.cpp">
      <Filter>Source Files\Code\Engine\UI</Filter>
    </ClCompile>
  </ItemGroup>
  <ItemGroup>
    <ClInclude Include="Code\Utilities\Point.h">
      <Filter>Header Files\Code\Utilities</Filter>
    </ClInclude>
    <ClInclude Include="Code\Utilities\Utilities.h">
      <Filter>Header Files\Code\Utilities</Filter>
    </ClInclude>
    <ClInclude Include="Code\Utilities\ResourceLoader.h">
      <Filter>Header Files\Code\Utilities</Filter>
    </ClInclude>
    <ClInclude Include="Code\Utilities\DecisionTree.h">
      <Filter>Header Files\Code\Utilities</Filter>
    </ClInclude>
    <ClInclude Include="Code\Engine\Core\Constants.h">
      <Filter>Header Files\Code\Engine\Core</Filter>
    </ClInclude>
    <ClInclude Include="Code\Engine\Core\Framework.h">
      <Filter>Header Files\Code\Engine\Core</Filter>
    </ClInclude>
    <ClInclude Include="Code\Engine\Core\GameManager.h">
      <Filter>Header Files\Code\Engine\Core</Filter>
    </ClInclude>
    <ClInclude Include="Code\Engine\Core\Timer.h">
      <Filter>Header Files\Code\Engine\Core</Filter>
    </ClInclude>
    <ClInclude Include="Code\Engine\Interfaces\ICamera.h">
      <Filter>Header Files\Code\Engine\Interfaces</Filter>
    </ClInclude>
    <ClInclude Include="Code\Engine\Interfaces\IFramework.h">
      <Filter>Header Files\Code\Engine\Interfaces</Filter>
    </ClInclude>
    <ClInclude Include="Code\Engine\Interfaces\IRenderable.h">
      <Filter>Header Files\Code\Engine\Interfaces</Filter>
    </ClInclude>
    <ClInclude Include="Code\Engine\Interfaces\IRenderer.h">
      <Filter>Header Files\Code\Engine\Interfaces</Filter>
    </ClInclude>
    <ClInclude Include="Code\Engine\Interfaces\ITexture.h">
      <Filter>Header Files\Code\Engine\Interfaces</Filter>
    </ClInclude>
    <ClInclude Include="Code\Engine\Interfaces\ITransforms.h">
      <Filter>Header Files\Code\Engine\Interfaces</Filter>
    </ClInclude>
    <ClInclude Include="Code\Engine\Interfaces\IUpdatable.h">
      <Filter>Header Files\Code\Engine\Interfaces</Filter>
    </ClInclude>
    <ClInclude Include="Code\Engine\Interfaces\IWindow.h">
      <Filter>Header Files\Code\Engine\Interfaces</Filter>
    </ClInclude>
    <ClInclude Include="Code\Engine\Input\InputManager.h">
      <Filter>Header Files\Code\Engine\Input</Filter>
    </ClInclude>
    <ClInclude Include="Code\Engine\Resources\FontManager.h">
      <Filter>Header Files\Code\Engine\Resources</Filter>
    </ClInclude>
    <ClInclude Include="Code\Engine\Resources\ShaderManager.h">
      <Filter>Header Files\Code\Engine\Resources</Filter>
    </ClInclude>
    <ClInclude Include="Code\Engine\Resources\SoundManager.h">
      <Filter>Header Files\Code\Engine\Resources</Filter>
    </ClInclude>
    <ClInclude Include="Code\Engine\Resources\TextureManager.h">
      <Filter>Header Files\Code\Engine\Resources</Filter>
    </ClInclude>
    <ClInclude Include="Code\Game\Objects\Box.h">
      <Filter>Header Files\Code\Game\Objects</Filter>
    </ClInclude>
    <ClInclude Include="Code\Game\Objects\Collectables.h">
      <Filter>Header Files\Code\Game\Objects</Filter>
    </ClInclude>
    <ClInclude Include="Code\Game\Objects\Enemy.h">
      <Filter>Header Files\Code\Game\Objects</Filter>
    </ClInclude>
    <ClInclude Include="Code\Platform\SFML\Drawables\SFDrawables.h">
      <Filter>Header Files\Code\Platform\SFML\Drawables</Filter>
    </ClInclude>
    <ClInclude Include="Code\Platform\SFML\Drawables\SFShape.h">
      <Filter>Header Files\Code\Platform\SFML\Drawables</Filter>
    </ClInclude>
    <ClInclude Include="Code\Platform\SFML\Drawables\SFSprite.h">
      <Filter>Header Files\Code\Platform\SFML\Drawables</Filter>
    </ClInclude>
    <ClInclude Include="Code\Platform\SFML\Drawables\SFText.h">
      <Filter>Header Files\Code\Platform\SFML\Drawables</Filter>
    </ClInclude>
    <ClInclude Include="Code\Platform\SFML\Renderer\SFCamera.h">
      <Filter>Header Files\Code\Platform\SFML\Renderer</Filter>
    </ClInclude>
    <ClInclude Include="Code\Platform\SFML\Renderer\SFRenderer.h">
      <Filter>Header Files\Code\Platform\SFML\Renderer</Filter>
    </ClInclude>
    <ClInclude Include="Code\Platform\SFML\Renderer\SFWindow.h">
      <Filter>Header Files\Code\Platform\SFML\Renderer</Filter>
    </ClInclude>
    <ClInclude Include="Code\Platform\SFML\Engine\Core\SFFramework.h">
      <Filter>Header Files\Code\Platform\SFML\Engine\Core</Filter>
    </ClInclude>
    <ClInclude Include="Code\Engine\Interfaces\IGameState.h">
      <Filter>Header Files\Code\Engine\Interfaces</Filter>
    </ClInclude>
    <ClInclude Include="Code\Engine\States\GameStateMgr.h">
      <Filter>Header Files\Code\Engine\States</Filter>
    </ClInclude>
    <ClInclude Include="Code\Engine\Input\KeyCode.h">
      <Filter>Header Files\Code\Engine\Input</Filter>
    </ClInclude>
    <ClInclude Include="Code\Engine\Interfaces\IKeyConverter.h">
      <Filter>Header Files\Code\Engine\Interfaces</Filter>
    </ClInclude>
    <ClInclude Include="Code\Platform\SFML\Engine\Input\SFKeyConverter.h">
      <Filter>Header Files\Code\Platform\SFML\Engine\Input</Filter>
    </ClInclude>
    <ClInclude Include="Code\Engine\Interfaces\IDrawable.h">
      <Filter>Header Files\Code\Engine\Interfaces</Filter>
    </ClInclude>
    <ClInclude Include="Code\Engine\Interfaces\IBoundingVolume.h">
      <Filter>Header Files\Code\Engine\Interfaces</Filter>
    </ClInclude>
    <ClInclude Include="Code\Engine\Collisions\BoundingBox.h">
      <Filter>Header Files\Code\Engine\Collisions</Filter>
    </ClInclude>
    <ClInclude Include="Code\Engine\Collisions\BoundingCapsule.h">
      <Filter>Header Files\Code\Engine\Collisions</Filter>
    </ClInclude>
    <ClInclude Include="Code\Engine\Collisions\BoundingCircle.h">
      <Filter>Header Files\Code\Engine\Collisions</Filter>
    </ClInclude>
    <ClInclude Include="Code\Engine\Interfaces\IShape.h">
      <Filter>Header Files\Code\Engine\Interfaces</Filter>
    </ClInclude>
    <ClInclude Include="Code\Engine\Interfaces\IText.h">
      <Filter>Header Files\Code\Engine\Interfaces</Filter>
    </ClInclude>
    <ClInclude Include="Code\Utilities\Colour.h">
      <Filter>Header Files\Code\Utilities</Filter>
    </ClInclude>
    <ClInclude Include="Code\Engine\Interfaces\IGameObject.h">
      <Filter>Header Files\Code\Engine\Interfaces</Filter>
    </ClInclude>
    <ClInclude Include="Code\Game\Objects\GameObject.h">
      <Filter>Header Files\Code\Game\Objects</Filter>
    </ClInclude>
    <ClInclude Include="Code\Engine\Interfaces\ITile.h">
      <Filter>Header Files\Code\Engine\Interfaces</Filter>
    </ClInclude>
    <ClInclude Include="Code\Engine\Collisions\CollisionManager.h">
      <Filter>Header Files\Code\Engine\Collisions</Filter>
    </ClInclude>
    <ClInclude Include="Code\Platform\SFML\Collisions\SFTile.h">
      <Filter>Header Files\Code\Platform\SFML\Collisions</Filter>
    </ClInclude>
    <ClInclude Include="Code\Utilities\Traits.h">
      <Filter>Header Files\Code\Utilities</Filter>
    </ClInclude>
    <ClInclude Include="Code\Engine\Interfaces\IGrid.h">
      <Filter>Header Files\Code\Engine\Interfaces</Filter>
    </ClInclude>
    <ClInclude Include="Code\Platform\SFML\Collisions\SFGrid.h">
      <Filter>Header Files\Code\Platform\SFML\Collisions</Filter>
    </ClInclude>
    <ClInclude Include="Code\Engine\Interfaces\IFont.h">
      <Filter>Header Files\Code\Engine\Interfaces</Filter>
    </ClInclude>
    <ClInclude Include="Code\Utilities\Defines.h">
      <Filter>Header Files\Code\Utilities</Filter>
    </ClInclude>
    <ClInclude Include="Code\Engine\Interfaces\IMusic.h">
      <Filter>Header Files\Code\Engine\Interfaces</Filter>
    </ClInclude>
    <ClInclude Include="Code\Engine\Interfaces\IShader.h">
      <Filter>Header Files\Code\Engine\Interfaces</Filter>
    </ClInclude>
    <ClInclude Include="Code\Platform\SFML\Resource\SFShader.h">
      <Filter>Header Files\Code\Platform\SFML\Resource</Filter>
    </ClInclude>
    <ClInclude Include="Code\Platform\SFML\Resource\SFTexture.h">
      <Filter>Header Files\Code\Platform\SFML\Resource</Filter>
    </ClInclude>
    <ClInclude Include="Code\Platform\SFML\Resource\SFFont.h">
      <Filter>Header Files\Code\Platform\SFML\Resource</Filter>
    </ClInclude>
    <ClInclude Include="Code\Platform\SFML\Resource\SFMusic.h">
      <Filter>Header Files\Code\Platform\SFML\Resource</Filter>
    </ClInclude>
    <ClInclude Include="Code\Engine\Interfaces\ISound.h">
      <Filter>Header Files\Code\Engine\Interfaces</Filter>
    </ClInclude>
    <ClInclude Include="Code\Platform\SFML\Resource\SFSound.h">
      <Filter>Header Files\Code\Platform\SFML\Resource</Filter>
    </ClInclude>
    <ClInclude Include="Code\Engine\Interfaces\ISprite.h">
      <Filter>Header Files\Code\Engine\Interfaces</Filter>
    </ClInclude>
    <ClInclude Include="Code\Engine\Interfaces\IMenu.h">
      <Filter>Header Files\Code\Engine\Interfaces</Filter>
    </ClInclude>
    <ClInclude Include="Code\Engine\Interfaces\IMenuCursor.h">
      <Filter>Header Files\Code\Engine\Interfaces</Filter>
    </ClInclude>
    <ClInclude Include="Code\Engine\Interfaces\IMenuItem.h">
      <Filter>Header Files\Code\Engine\Interfaces</Filter>
    </ClInclude>
    <ClInclude Include="Code\Engine\Interfaces\IPaginatedMenu.h">
      <Filter>Header Files\Code\Engine\Interfaces</Filter>
    </ClInclude>
    <ClInclude Include="Code\Platform\SFML\UI\SFMenu.h">
      <Filter>Header Files\Code\Platform\SFML\UI</Filter>
    </ClInclude>
    <ClInclude Include="Code\Platform\SFML\UI\SFMenuCursor.h">
      <Filter>Header Files\Code\Platform\SFML\UI</Filter>
    </ClInclude>
    <ClInclude Include="Code\Platform\SFML\UI\SFMenuItem.h">
      <Filter>Header Files\Code\Platform\SFML\UI</Filter>
    </ClInclude>
    <ClInclude Include="Code\Platform\SFML\UI\SFPaginatedMenu.h">
      <Filter>Header Files\Code\Platform\SFML\UI</Filter>
    </ClInclude>
    <ClInclude Include="Code\Engine\Interfaces\IScene.h">
      <Filter>Header Files\Code\Engine\Interfaces</Filter>
    </ClInclude>
    <ClInclude Include="Code\Engine\UI\MenuNavigation.h">
      <Filter>Header Files\Code\Engine\UI</Filter>
    </ClInclude>
  </ItemGroup>
  <ItemGroup>
    <None Include="Resources\Shaders\FadeInOutShader.frag">
      <Filter>Resource Files\Shaders</Filter>
    </None>
    <None Include="bin\Debug\sfml-audio-d-3.dll">
      <Filter>Resource Files\bin\Debug</Filter>
    </None>
    <None Include="bin\Debug\sfml-graphics-d-3.dll">
      <Filter>Resource Files\bin\Debug</Filter>
    </None>
    <None Include="bin\Debug\sfml-network-d-3.dll">
      <Filter>Resource Files\bin\Debug</Filter>
    </None>
    <None Include="bin\Debug\sfml-system-d-3.dll">
      <Filter>Resource Files\bin\Debug</Filter>
    </None>
    <None Include="bin\Debug\sfml-window-d-3.dll">
      <Filter>Resource Files\bin\Debug</Filter>
    </None>
    <None Include="bin\Release\sfml-audio-3.dll">
      <Filter>Resource Files\bin\Release</Filter>
    </None>
    <None Include="bin\Release\sfml-graphics-3.dll">
      <Filter>Resource Files\bin\Release</Filter>
    </None>
    <None Include="bin\Release\sfml-network-3.dll">
      <Filter>Resource Files\bin\Release</Filter>
    </None>
    <None Include="bin\Release\sfml-system-3.dll">
      <Filter>Resource Files\bin\Release</Filter>
    </None>
    <None Include="bin\Release\sfml-window-3.dll">
      <Filter>Resource Files\bin\Release</Filter>
    </None>
  </ItemGroup>
  <ItemGroup>
    <Font Include="Resources\Fonts\Arial.ttf">
      <Filter>Resource Files\Fonts</Filter>
    </Font>
  </ItemGroup>
  <ItemGroup>
    <Text Include="Resources\ReadMe.txt">
      <Filter>Resource Files</Filter>
    </Text>
  </ItemGroup>
</Project>