<?xml version="1.0" encoding="utf-8"?>
<Project ToolsVersion="4.0" xmlns="http://schemas.microsoft.com/developer/msbuild/2003">
  <ItemGroup>
    <Filter Include="Source Files">
      <UniqueIdentifier>{4FC737F1-C7A5-4376-A066-2A32D752A2FF}</UniqueIdentifier>
      <Extensions>cpp;c;cc;cxx;c++;cppm;ixx;def;odl;idl;hpj;bat;asm;asmx</Extensions>
    </Filter>
    <Filter Include="Header Files">
      <UniqueIdentifier>{93995380-89BD-4b04-88EB-625FBE52EBFB}</UniqueIdentifier>
      <Extensions>h;hh;hpp;hxx;h++;hm;inl;inc;ipp;xsd</Extensions>
    </Filter>
    <Filter Include="Resource Files">
      <UniqueIdentifier>{67DA6AB6-F800-4c08-8B7A-83BB121AAD01}</UniqueIdentifier>
      <Extensions>rc;ico;cur;bmp;dlg;rc2;rct;bin;rgs;gif;jpg;jpeg;jpe;resx;tiff;tif;png;wav;mfcribbon-ms</Extensions>
    </Filter>
    <Filter Include="Resource Files\Fonts">
      <UniqueIdentifier>{e32d38ed-5c6e-40ab-84cb-ac0ada0ec330}</UniqueIdentifier>
    </Filter>
    <Filter Include="Resource Files\Dlls">
      <UniqueIdentifier>{1f717415-dd62-4b44-86f6-a43dcf74cc5b}</UniqueIdentifier>
    </Filter>
    <Filter Include="Header Files\Code">
      <UniqueIdentifier>{39cf1d37-f4aa-4abb-9719-2b3d96b80c8e}</UniqueIdentifier>
    </Filter>
    <Filter Include="Header Files\Code\Collisions">
      <UniqueIdentifier>{46227079-e18f-42c8-8c2d-e538aad97fcb}</UniqueIdentifier>
    </Filter>
    <Filter Include="Header Files\Code\Drawables">
      <UniqueIdentifier>{edcb146b-9d76-4b09-bc91-8cf929d83dfd}</UniqueIdentifier>
    </Filter>
    <Filter Include="Header Files\Code\Game">
      <UniqueIdentifier>{37e36a15-64ef-463b-b097-daaa73768b6e}</UniqueIdentifier>
    </Filter>
    <Filter Include="Header Files\Code\GameObjects">
      <UniqueIdentifier>{5192685e-36e1-4480-90fb-224e7a9006d4}</UniqueIdentifier>
    </Filter>
    <Filter Include="Header Files\Code\GameStates">
      <UniqueIdentifier>{d1077f4b-1433-421f-95b1-c03a4ca02d81}</UniqueIdentifier>
    </Filter>
    <Filter Include="Header Files\Code\UIElements">
      <UniqueIdentifier>{c9807a80-4b3f-4f9f-ab07-4f7533c1d5f7}</UniqueIdentifier>
    </Filter>
    <Filter Include="Header Files\Code\Utilities">
      <UniqueIdentifier>{c4b6a071-4ad0-4525-8ba4-a595328e2a62}</UniqueIdentifier>
    </Filter>
    <Filter Include="Source Files\Code">
      <UniqueIdentifier>{0a6e994b-d4c5-486e-b300-f750d55c8f4f}</UniqueIdentifier>
    </Filter>
    <Filter Include="Source Files\Code\Collisions">
      <UniqueIdentifier>{8a069f78-6eb3-4a34-a825-1d9445303bfb}</UniqueIdentifier>
    </Filter>
    <Filter Include="Source Files\Code\Drawables">
      <UniqueIdentifier>{bc76a6e8-cd3b-4a2f-b37d-2a88a8b4ae29}</UniqueIdentifier>
    </Filter>
    <Filter Include="Source Files\Code\Game">
      <UniqueIdentifier>{b9d66b93-531a-417a-a1d6-9bc437bdca1e}</UniqueIdentifier>
    </Filter>
    <Filter Include="Source Files\Code\GameObjects">
      <UniqueIdentifier>{7999abac-4dc8-4f81-8fab-b7560372781b}</UniqueIdentifier>
    </Filter>
    <Filter Include="Source Files\Code\GameStates">
      <UniqueIdentifier>{7a11cb52-1b5f-49a2-8655-c95dc5ed576b}</UniqueIdentifier>
    </Filter>
    <Filter Include="Source Files\Code\UIElements">
      <UniqueIdentifier>{db6f3370-caf7-48e3-994e-335dd2a09aca}</UniqueIdentifier>
    </Filter>
    <Filter Include="Source Files\Code\Utilities">
      <UniqueIdentifier>{470d85ac-c526-4a7d-afea-4c8567264a4c}</UniqueIdentifier>
    </Filter>
    <Filter Include="Resource Files\Shaders">
      <UniqueIdentifier>{e67edff7-99ac-41ea-8886-20c6cf0d297e}</UniqueIdentifier>
    </Filter>
  </ItemGroup>
  <ItemGroup>
    <ClCompile Include="Code\Collisions\Tile.cpp">
      <Filter>Source Files\Code\Collisions</Filter>
    </ClCompile>
    <ClCompile Include="Code\Collisions\CollisionManager.cpp">
      <Filter>Source Files\Code\Collisions</Filter>
    </ClCompile>
    <ClCompile Include="Code\Collisions\Grid.cpp">
      <Filter>Source Files\Code\Collisions</Filter>
    </ClCompile>
    <ClCompile Include="Code\Drawables\Sprite.cpp">
      <Filter>Source Files\Code\Drawables</Filter>
    </ClCompile>
    <ClCompile Include="Code\Game\World.cpp">
      <Filter>Source Files\Code\Game</Filter>
    </ClCompile>
    <ClCompile Include="Code\Game\Camera.cpp">
      <Filter>Source Files\Code\Game</Filter>
    </ClCompile>
    <ClCompile Include="Code\Game\Constants.cpp">
      <Filter>Source Files\Code\Game</Filter>
    </ClCompile>
    <ClCompile Include="Code\Game\FontManager.cpp">
      <Filter>Source Files\Code\Game</Filter>
    </ClCompile>
    <ClCompile Include="Code\Game\GameManager.cpp">
      <Filter>Source Files\Code\Game</Filter>
    </ClCompile>
    <ClCompile Include="Code\Game\InputManager.cpp">
      <Filter>Source Files\Code\Game</Filter>
    </ClCompile>
    <ClCompile Include="Code\Game\PhysicsController.cpp">
      <Filter>Source Files\Code\Game</Filter>
    </ClCompile>
    <ClCompile Include="Code\Game\ShaderManager.cpp">
      <Filter>Source Files\Code\Game</Filter>
    </ClCompile>
    <ClCompile Include="Code\Game\SoundManager.cpp">
      <Filter>Source Files\Code\Game</Filter>
    </ClCompile>
    <ClCompile Include="Code\Game\TextureManager.cpp">
      <Filter>Source Files\Code\Game</Filter>
    </ClCompile>
    <ClCompile Include="Code\Game\Timer.cpp">
      <Filter>Source Files\Code\Game</Filter>
    </ClCompile>
    <ClCompile Include="Code\GameObjects\Object.cpp">
      <Filter>Source Files\Code\GameObjects</Filter>
    </ClCompile>
    <ClCompile Include="Code\GameObjects\Box.cpp">
      <Filter>Source Files\Code\GameObjects</Filter>
    </ClCompile>
    <ClCompile Include="Code\GameObjects\Collectables.cpp">
      <Filter>Source Files\Code\GameObjects</Filter>
    </ClCompile>
    <ClCompile Include="Code\GameObjects\Enemy.cpp">
      <Filter>Source Files\Code\GameObjects</Filter>
    </ClCompile>
    <ClCompile Include="Code\GameStates\MainMenuState.cpp">
      <Filter>Source Files\Code\GameStates</Filter>
    </ClCompile>
    <ClCompile Include="Code\GameStates\DebugState.cpp">
      <Filter>Source Files\Code\GameStates</Filter>
    </ClCompile>
    <ClCompile Include="Code\GameStates\GameStateMgr.cpp">
      <Filter>Source Files\Code\GameStates</Filter>
    </ClCompile>
    <ClCompile Include="Code\GameStates\LoadingState.cpp">
      <Filter>Source Files\Code\GameStates</Filter>
    </ClCompile>
    <ClCompile Include="Code\Utilities\Point.cpp">
      <Filter>Source Files\Code\Utilities</Filter>
    </ClCompile>
    <ClCompile Include="Code\Utilities\Utilities.cpp">
      <Filter>Source Files\Code\Utilities</Filter>
    </ClCompile>
    <ClCompile Include="Code\Framework.cpp">
      <Filter>Source Files\Code</Filter>
    </ClCompile>
    <ClCompile Include="Code\Collisions\BoundingVolume.cpp">
      <Filter>Source Files\Code\Collisions</Filter>
    </ClCompile>
    <ClCompile Include="Code\UIElements\FlashingText.cpp">
      <Filter>Source Files\Code\UIElements</Filter>
    </ClCompile>
    <ClCompile Include="Code\UIElements\Menu.cpp">
      <Filter>Source Files\Code\UIElements</Filter>
    </ClCompile>
    <ClCompile Include="Code\UIElements\MultiPageMenu.cpp">
      <Filter>Source Files\Code\UIElements</Filter>
    </ClCompile>
    <ClCompile Include="Code\GameStates\MenuState.cpp">
      <Filter>Source Files\Code\GameStates</Filter>
    </ClCompile>
    <ClCompile Include="Code\GameStates\PlayerState.cpp">
      <Filter>Source Files\Code\GameStates</Filter>
    </ClCompile>
  </ItemGroup>
  <ItemGroup>
    <ClInclude Include="Code\Collisions\CollisionManager.h">
      <Filter>Header Files\Code\Collisions</Filter>
    </ClInclude>
    <ClInclude Include="Code\Collisions\Grid.h">
      <Filter>Header Files\Code\Collisions</Filter>
    </ClInclude>
    <ClInclude Include="Code\Collisions\Tile.h">
      <Filter>Header Files\Code\Collisions</Filter>
    </ClInclude>
    <ClInclude Include="Code\Drawables\Sprite.h">
      <Filter>Header Files\Code\Drawables</Filter>
    </ClInclude>
    <ClInclude Include="Code\Game\Camera.h">
      <Filter>Header Files\Code\Game</Filter>
    </ClInclude>
    <ClInclude Include="Code\Game\Constants.h">
      <Filter>Header Files\Code\Game</Filter>
    </ClInclude>
    <ClInclude Include="Code\Game\FontManager.h">
      <Filter>Header Files\Code\Game</Filter>
    </ClInclude>
    <ClInclude Include="Code\Game\GameManager.h">
      <Filter>Header Files\Code\Game</Filter>
    </ClInclude>
    <ClInclude Include="Code\Game\InputManager.h">
      <Filter>Header Files\Code\Game</Filter>
    </ClInclude>
    <ClInclude Include="Code\Game\PhysicsController.h">
      <Filter>Header Files\Code\Game</Filter>
    </ClInclude>
    <ClInclude Include="Code\Game\ShaderManager.h">
      <Filter>Header Files\Code\Game</Filter>
    </ClInclude>
    <ClInclude Include="Code\Game\SoundManager.h">
      <Filter>Header Files\Code\Game</Filter>
    </ClInclude>
    <ClInclude Include="Code\Game\TextureManager.h">
      <Filter>Header Files\Code\Game</Filter>
    </ClInclude>
    <ClInclude Include="Code\Game\Timer.h">
      <Filter>Header Files\Code\Game</Filter>
    </ClInclude>
    <ClInclude Include="Code\Game\World.h">
      <Filter>Header Files\Code\Game</Filter>
    </ClInclude>
    <ClInclude Include="Code\GameObjects\Box.h">
      <Filter>Header Files\Code\GameObjects</Filter>
    </ClInclude>
    <ClInclude Include="Code\GameObjects\Collectables.h">
      <Filter>Header Files\Code\GameObjects</Filter>
    </ClInclude>
    <ClInclude Include="Code\GameObjects\Enemy.h">
      <Filter>Header Files\Code\GameObjects</Filter>
    </ClInclude>
    <ClInclude Include="Code\GameObjects\Object.h">
      <Filter>Header Files\Code\GameObjects</Filter>
    </ClInclude>
    <ClInclude Include="Code\GameStates\MainMenuState.h">
      <Filter>Header Files\Code\GameStates</Filter>
    </ClInclude>
    <ClInclude Include="Code\GameStates\DebugState.h">
      <Filter>Header Files\Code\GameStates</Filter>
    </ClInclude>
    <ClInclude Include="Code\GameStates\GameState.h">
      <Filter>Header Files\Code\GameStates</Filter>
    </ClInclude>
    <ClInclude Include="Code\GameStates\GameStateMgr.h">
      <Filter>Header Files\Code\GameStates</Filter>
    </ClInclude>
    <ClInclude Include="Code\GameStates\LoadingState.h">
      <Filter>Header Files\Code\GameStates</Filter>
    </ClInclude>
    <ClInclude Include="Code\Utilities\Point.h">
      <Filter>Header Files\Code\Utilities</Filter>
    </ClInclude>
    <ClInclude Include="Code\Utilities\Utilities.h">
      <Filter>Header Files\Code\Utilities</Filter>
    </ClInclude>
    <ClInclude Include="Code\Utilities\ResourceLoader.h">
      <Filter>Header Files\Code\Utilities</Filter>
    </ClInclude>
    <ClInclude Include="Code\Framework.h">
      <Filter>Header Files\Code</Filter>
    </ClInclude>
    <ClInclude Include="Code\Collisions\BoundingVolume.h">
      <Filter>Header Files\Code\Collisions</Filter>
    </ClInclude>
    <ClInclude Include="Code\UIElements\FlashingText.h">
      <Filter>Header Files\Code\UIElements</Filter>
    </ClInclude>
    <ClInclude Include="Code\UIElements\Menu.h">
      <Filter>Header Files\Code\UIElements</Filter>
    </ClInclude>
    <ClInclude Include="Code\UIElements\MultiPageMenu.h">
      <Filter>Header Files\Code\UIElements</Filter>
    </ClInclude>
    <ClInclude Include="Code\GameStates\MenuState.h">
      <Filter>Header Files\Code\GameStates</Filter>
    </ClInclude>
    <ClInclude Include="Code\GameStates\PlayerState.h">
      <Filter>Header Files\Code\GameStates</Filter>
    </ClInclude>
  </ItemGroup>
  <ItemGroup>
    <None Include="bin\Debug\sfml-audio-d-2.dll">
      <Filter>Resource Files\Dlls</Filter>
    </None>
    <None Include="bin\Debug\sfml-graphics-d-2.dll">
      <Filter>Resource Files\Dlls</Filter>
    </None>
    <None Include="bin\Debug\sfml-network-d-2.dll">
      <Filter>Resource Files\Dlls</Filter>
    </None>
    <None Include="bin\Debug\sfml-system-d-2.dll">
      <Filter>Resource Files\Dlls</Filter>
    </None>
    <None Include="bin\Debug\sfml-window-d-2.dll">
      <Filter>Resource Files\Dlls</Filter>
    </None>
    <None Include="bin\Release\openal32.dll">
      <Filter>Resource Files\Dlls</Filter>
    </None>
    <None Include="bin\Release\sfml-audio-2.dll">
      <Filter>Resource Files\Dlls</Filter>
    </None>
    <None Include="bin\Release\sfml-graphics-2.dll">
      <Filter>Resource Files\Dlls</Filter>
    </None>
    <None Include="bin\Release\sfml-network-2.dll">
      <Filter>Resource Files\Dlls</Filter>
    </None>
    <None Include="bin\Release\sfml-system-2.dll">
      <Filter>Resource Files\Dlls</Filter>
    </None>
    <None Include="bin\Release\sfml-window-2.dll">
      <Filter>Resource Files\Dlls</Filter>
    </None>
    <None Include="bin\Debug\openal32.dll">
      <Filter>Resource Files\Dlls</Filter>
    </None>
    <None Include="Resources\Shaders\FadeInOutShader.frag">
      <Filter>Resource Files\Shaders</Filter>
    </None>
  </ItemGroup>
  <ItemGroup>
    <Text Include="Resources\ReadMe.txt">
      <Filter>Resource Files\Fonts</Filter>
    </Text>
  </ItemGroup>
  <ItemGroup>
    <Font Include="Resources\Fonts\Arial.ttf">
      <Filter>Resource Files</Filter>
    </Font>
  </ItemGroup>
</Project>